
Microsoft Visual Studio Solution File, Format Version 12.00
# Visual Studio 15
VisualStudioVersion = 15.0.26430.16
MinimumVisualStudioVersion = 10.0.40219.1
Project("{FAE04EC0-301F-11D3-BF4B-00C04F79EFBC}") = "TravelAgency", "TouristAgency\TravelAgency.csproj", "{14881886-379C-456F-BCD1-918E8DA1654C}"
EndProject
Project("{FAE04EC0-301F-11D3-BF4B-00C04F79EFBC}") = "TravelAgency.Tests", "TouristAgency.Tests\TravelAgency.Tests.csproj", "{FB246750-730F-4812-9982-607D2363F60F}"
EndProject
Project("{FAE04EC0-301F-11D3-BF4B-00C04F79EFBC}") = "TravellAgency.Contracts", "ToristAgency.Contracts\TravellAgency.Contracts.csproj", "{245E71B4-3938-40AC-9878-0BAC4FA7FF36}"
EndProject
Project("{FAE04EC0-301F-11D3-BF4B-00C04F79EFBC}") = "TravelAgency.DAL", "ToristAgency.DAL\TravelAgency.DAL.csproj", "{3C3CE512-A186-4F21-891E-CD883864815B}"
EndProject
Global
	GlobalSection(SolutionConfigurationPlatforms) = preSolution
		Debug|Any CPU = Debug|Any CPU
		Release|Any CPU = Release|Any CPU
	EndGlobalSection
	GlobalSection(ProjectConfigurationPlatforms) = postSolution
		{14881886-379C-456F-BCD1-918E8DA1654C}.Debug|Any CPU.ActiveCfg = Debug|Any CPU
		{14881886-379C-456F-BCD1-918E8DA1654C}.Debug|Any CPU.Build.0 = Debug|Any CPU
		{14881886-379C-456F-BCD1-918E8DA1654C}.Release|Any CPU.ActiveCfg = Release|Any CPU
		{14881886-379C-456F-BCD1-918E8DA1654C}.Release|Any CPU.Build.0 = Release|Any CPU
		{FB246750-730F-4812-9982-607D2363F60F}.Debug|Any CPU.ActiveCfg = Debug|Any CPU
		{FB246750-730F-4812-9982-607D2363F60F}.Debug|Any CPU.Build.0 = Debug|Any CPU
		{FB246750-730F-4812-9982-607D2363F60F}.Release|Any CPU.ActiveCfg = Release|Any CPU
		{FB246750-730F-4812-9982-607D2363F60F}.Release|Any CPU.Build.0 = Release|Any CPU
		{245E71B4-3938-40AC-9878-0BAC4FA7FF36}.Debug|Any CPU.ActiveCfg = Debug|Any CPU
		{245E71B4-3938-40AC-9878-0BAC4FA7FF36}.Debug|Any CPU.Build.0 = Debug|Any CPU
		{245E71B4-3938-40AC-9878-0BAC4FA7FF36}.Release|Any CPU.ActiveCfg = Release|Any CPU
		{245E71B4-3938-40AC-9878-0BAC4FA7FF36}.Release|Any CPU.Build.0 = Release|Any CPU
		{3C3CE512-A186-4F21-891E-CD883864815B}.Debug|Any CPU.ActiveCfg = Debug|Any CPU
		{3C3CE512-A186-4F21-891E-CD883864815B}.Debug|Any CPU.Build.0 = Debug|Any CPU
		{3C3CE512-A186-4F21-891E-CD883864815B}.Release|Any CPU.ActiveCfg = Release|Any CPU
		{3C3CE512-A186-4F21-891E-CD883864815B}.Release|Any CPU.Build.0 = Release|Any CPU
	EndGlobalSection
	GlobalSection(SolutionProperties) = preSolution
		HideSolutionNode = FALSE
	EndGlobalSection
EndGlobal
